// !$*UTF8*$!
{
	archiveVersion = 1;
	classes = {
	};
	objectVersion = 56;
	objects = {

/* Begin PBXBuildFile section */
		6D1971DC2AA6728300464B81 /* DeuceApp.swift in Sources */ = {isa = PBXBuildFile; fileRef = 6D1971DB2AA6728300464B81 /* DeuceApp.swift */; };
		6D1971DE2AA6728600464B81 /* DeuceApp.swift in Sources */ = {isa = PBXBuildFile; fileRef = 6D1971DD2AA6728600464B81 /* DeuceApp.swift */; };
		6D1971E02AA672FA00464B81 /* Extensions.swift in Sources */ = {isa = PBXBuildFile; fileRef = 6D1971DF2AA672FA00464B81 /* Extensions.swift */; };
		6D1971E32AA6732600464B81 /* User.swif.swift in Sources */ = {isa = PBXBuildFile; fileRef = 6D1971E22AA6732600464B81 /* User.swif.swift */; };
		6D1971E82AA6737A00464B81 /* mainHeader.swift in Sources */ = {isa = PBXBuildFile; fileRef = 6D1971E72AA6737A00464B81 /* mainHeader.swift */; };
		6D1971EA2AA6739200464B81 /* horizontalWeek.swift in Sources */ = {isa = PBXBuildFile; fileRef = 6D1971E92AA6739200464B81 /* horizontalWeek.swift */; };
		6D1971EC2AA673A400464B81 /* ImagePicker.swift in Sources */ = {isa = PBXBuildFile; fileRef = 6D1971EB2AA673A400464B81 /* ImagePicker.swift */; };
		6D1971EE2AA673C000464B81 /* LoginViewModel.swift in Sources */ = {isa = PBXBuildFile; fileRef = 6D1971ED2AA673C000464B81 /* LoginViewModel.swift */; };
		6D1971F02AA673D900464B81 /* SignUpViewModel.swift in Sources */ = {isa = PBXBuildFile; fileRef = 6D1971EF2AA673D900464B81 /* SignUpViewModel.swift */; };
		6D1971F22AA673E900464B81 /* ContentViewModel.swift in Sources */ = {isa = PBXBuildFile; fileRef = 6D1971F12AA673E900464B81 /* ContentViewModel.swift */; };
		6D1971F42AA673FA00464B81 /* ProfileViewModel.swift in Sources */ = {isa = PBXBuildFile; fileRef = 6D1971F32AA673FA00464B81 /* ProfileViewModel.swift */; };
		6D1971F62AA6740B00464B81 /* CreateEntryViewModel.swift in Sources */ = {isa = PBXBuildFile; fileRef = 6D1971F52AA6740B00464B81 /* CreateEntryViewModel.swift */; };
		6D1971F82AA6741900464B81 /* JournalViewModel.swift in Sources */ = {isa = PBXBuildFile; fileRef = 6D1971F72AA6741900464B81 /* JournalViewModel.swift */; };
		6D1971FA2AA6742400464B81 /* HomeViewModel.swift in Sources */ = {isa = PBXBuildFile; fileRef = 6D1971F92AA6742400464B81 /* HomeViewModel.swift */; };
		6D1971FC2AA6743800464B81 /* mainHeaderModel.swift in Sources */ = {isa = PBXBuildFile; fileRef = 6D1971FB2AA6743800464B81 /* mainHeaderModel.swift */; };
		6D1971FE2AA6744500464B81 /* ExploreViewModel.swift in Sources */ = {isa = PBXBuildFile; fileRef = 6D1971FD2AA6744500464B81 /* ExploreViewModel.swift */; };
		6D1972002AA6745200464B81 /* MatchLogViewModel.swift in Sources */ = {isa = PBXBuildFile; fileRef = 6D1971FF2AA6745200464B81 /* MatchLogViewModel.swift */; };
		6D1972022AA6745F00464B81 /* LoadingView.swift in Sources */ = {isa = PBXBuildFile; fileRef = 6D1972012AA6745F00464B81 /* LoadingView.swift */; };
		6D1972042AA6747200464B81 /* LoginView.swift in Sources */ = {isa = PBXBuildFile; fileRef = 6D1972032AA6747200464B81 /* LoginView.swift */; };
		6D1972062AA6748800464B81 /* SignUpView.swift in Sources */ = {isa = PBXBuildFile; fileRef = 6D1972052AA6748800464B81 /* SignUpView.swift */; };
		6D1972082AA6749800464B81 /* HomeView.swift in Sources */ = {isa = PBXBuildFile; fileRef = 6D1972072AA6749800464B81 /* HomeView.swift */; };
		6D19720A2AA674A900464B81 /* MatchLogEntryView.swift in Sources */ = {isa = PBXBuildFile; fileRef = 6D1972092AA674A900464B81 /* MatchLogEntryView.swift */; };
		6D19720C2AA674BD00464B81 /* JournalView.swift in Sources */ = {isa = PBXBuildFile; fileRef = 6D19720B2AA674BD00464B81 /* JournalView.swift */; };
		6D19720E2AA674DA00464B81 /* HealthView.swift in Sources */ = {isa = PBXBuildFile; fileRef = 6D19720D2AA674DA00464B81 /* HealthView.swift */; };
		6D1972102AA674E900464B81 /* CreateEntryView.swift in Sources */ = {isa = PBXBuildFile; fileRef = 6D19720F2AA674E900464B81 /* CreateEntryView.swift */; };
		6D1972122AA6750400464B81 /* JournalEntryView.swift in Sources */ = {isa = PBXBuildFile; fileRef = 6D1972112AA6750400464B81 /* JournalEntryView.swift */; };
		6D1972142AA6751200464B81 /* ProfileView.swift in Sources */ = {isa = PBXBuildFile; fileRef = 6D1972132AA6751200464B81 /* ProfileView.swift */; };
		6D1972162AA6752100464B81 /* ChatView.swift in Sources */ = {isa = PBXBuildFile; fileRef = 6D1972152AA6752100464B81 /* ChatView.swift */; };
		6D1972182AA6752D00464B81 /* ExploreView.swift in Sources */ = {isa = PBXBuildFile; fileRef = 6D1972172AA6752D00464B81 /* ExploreView.swift */; };
		6D19721A2AA6754200464B81 /* BreathingSessionView.swift in Sources */ = {isa = PBXBuildFile; fileRef = 6D1972192AA6754200464B81 /* BreathingSessionView.swift */; };
		6D19721C2AA6756300464B81 /* ContentView.swift in Sources */ = {isa = PBXBuildFile; fileRef = 6D19721B2AA6756300464B81 /* ContentView.swift */; };
		6D1972232AA6767D00464B81 /* FirebaseAnalytics in Frameworks */ = {isa = PBXBuildFile; productRef = 6D1972222AA6767D00464B81 /* FirebaseAnalytics */; };
		6D1972252AA6767D00464B81 /* FirebaseAuth in Frameworks */ = {isa = PBXBuildFile; productRef = 6D1972242AA6767D00464B81 /* FirebaseAuth */; };
		6D1972272AA6767D00464B81 /* FirebaseAuthCombine-Community in Frameworks */ = {isa = PBXBuildFile; productRef = 6D1972262AA6767D00464B81 /* FirebaseAuthCombine-Community */; };
		6D1972292AA6767D00464B81 /* FirebaseDatabase in Frameworks */ = {isa = PBXBuildFile; productRef = 6D1972282AA6767D00464B81 /* FirebaseDatabase */; };
		6D19722B2AA6767D00464B81 /* FirebaseDatabaseSwift in Frameworks */ = {isa = PBXBuildFile; productRef = 6D19722A2AA6767D00464B81 /* FirebaseDatabaseSwift */; };
		6D19722D2AA6767D00464B81 /* FirebaseFirestore in Frameworks */ = {isa = PBXBuildFile; productRef = 6D19722C2AA6767D00464B81 /* FirebaseFirestore */; };
		6D19722F2AA6767D00464B81 /* FirebaseFirestoreCombine-Community in Frameworks */ = {isa = PBXBuildFile; productRef = 6D19722E2AA6767D00464B81 /* FirebaseFirestoreCombine-Community */; };
		6D1972312AA6767D00464B81 /* FirebaseFirestoreSwift in Frameworks */ = {isa = PBXBuildFile; productRef = 6D1972302AA6767D00464B81 /* FirebaseFirestoreSwift */; };
		6D1972332AA6767D00464B81 /* FirebaseFunctions in Frameworks */ = {isa = PBXBuildFile; productRef = 6D1972322AA6767D00464B81 /* FirebaseFunctions */; };
		6D1972352AA676F500464B81 /* GoogleService-Info.plist in Resources */ = {isa = PBXBuildFile; fileRef = 6D1972342AA676F500464B81 /* GoogleService-Info.plist */; };
		6D1972372AA6775200464B81 /* Assets.xcassets in Resources */ = {isa = PBXBuildFile; fileRef = 6D1972362AA6775200464B81 /* Assets.xcassets */; };
		6DBD44502A65BAEA00AB9A90 /* Preview Assets.xcassets in Resources */ = {isa = PBXBuildFile; fileRef = 6DBD444F2A65BAEA00AB9A90 /* Preview Assets.xcassets */; };
		6DBD44522A65BAEA00AB9A90 /* Persistence.swift in Sources */ = {isa = PBXBuildFile; fileRef = 6DBD44512A65BAEA00AB9A90 /* Persistence.swift */; };
		6DBD44552A65BAEA00AB9A90 /* Deuce.xcdatamodeld in Sources */ = {isa = PBXBuildFile; fileRef = 6DBD44532A65BAEA00AB9A90 /* Deuce.xcdatamodeld */; };
		6DBD44602A65BAEA00AB9A90 /* DeuceTests.swift in Sources */ = {isa = PBXBuildFile; fileRef = 6DBD445F2A65BAEA00AB9A90 /* DeuceTests.swift */; };
		6DBD446A2A65BAEA00AB9A90 /* DeuceUITests.swift in Sources */ = {isa = PBXBuildFile; fileRef = 6DBD44692A65BAEA00AB9A90 /* DeuceUITests.swift */; };
		6DBD446C2A65BAEA00AB9A90 /* DeuceUITestsLaunchTests.swift in Sources */ = {isa = PBXBuildFile; fileRef = 6DBD446B2A65BAEA00AB9A90 /* DeuceUITestsLaunchTests.swift */; };
/* End PBXBuildFile section */

/* Begin PBXContainerItemProxy section */
		6DBD445C2A65BAEA00AB9A90 /* PBXContainerItemProxy */ = {
			isa = PBXContainerItemProxy;
			containerPortal = 6DBD443D2A65BAE900AB9A90 /* Project object */;
			proxyType = 1;
			remoteGlobalIDString = 6DBD44442A65BAE900AB9A90;
			remoteInfo = Deuce;
		};
		6DBD44662A65BAEA00AB9A90 /* PBXContainerItemProxy */ = {
			isa = PBXContainerItemProxy;
			containerPortal = 6DBD443D2A65BAE900AB9A90 /* Project object */;
			proxyType = 1;
			remoteGlobalIDString = 6DBD44442A65BAE900AB9A90;
			remoteInfo = Deuce;
		};
/* End PBXContainerItemProxy section */

/* Begin PBXFileReference section */
		6D1971DB2AA6728300464B81 /* DeuceApp.swift */ = {isa = PBXFileReference; lastKnownFileType = sourcecode.swift; name = DeuceApp.swift; path = ../../DeuceApp.swift; sourceTree = "<group>"; };
		6D1971DD2AA6728600464B81 /* DeuceApp.swift */ = {isa = PBXFileReference; lastKnownFileType = sourcecode.swift; path = DeuceApp.swift; sourceTree = "<group>"; };
		6D1971DF2AA672FA00464B81 /* Extensions.swift */ = {isa = PBXFileReference; lastKnownFileType = sourcecode.swift; name = Extensions.swift; path = ../../../Extensions.swift; sourceTree = "<group>"; };
		6D1971E22AA6732600464B81 /* User.swif.swift */ = {isa = PBXFileReference; lastKnownFileType = sourcecode.swift; name = User.swif.swift; path = ../../../User.swif.swift; sourceTree = "<group>"; };
		6D1971E72AA6737A00464B81 /* mainHeader.swift */ = {isa = PBXFileReference; lastKnownFileType = sourcecode.swift; name = mainHeader.swift; path = ../../../mainHeader.swift; sourceTree = "<group>"; };
		6D1971E92AA6739200464B81 /* horizontalWeek.swift */ = {isa = PBXFileReference; lastKnownFileType = sourcecode.swift; name = horizontalWeek.swift; path = ../../../horizontalWeek.swift; sourceTree = "<group>"; };
		6D1971EB2AA673A400464B81 /* ImagePicker.swift */ = {isa = PBXFileReference; lastKnownFileType = sourcecode.swift; name = ImagePicker.swift; path = ../../../ImagePicker.swift; sourceTree = "<group>"; };
		6D1971ED2AA673C000464B81 /* LoginViewModel.swift */ = {isa = PBXFileReference; lastKnownFileType = sourcecode.swift; name = LoginViewModel.swift; path = ../../../LoginViewModel.swift; sourceTree = "<group>"; };
		6D1971EF2AA673D900464B81 /* SignUpViewModel.swift */ = {isa = PBXFileReference; lastKnownFileType = sourcecode.swift; name = SignUpViewModel.swift; path = ../../../SignUpViewModel.swift; sourceTree = "<group>"; };
		6D1971F12AA673E900464B81 /* ContentViewModel.swift */ = {isa = PBXFileReference; lastKnownFileType = sourcecode.swift; name = ContentViewModel.swift; path = ../../../ContentViewModel.swift; sourceTree = "<group>"; };
		6D1971F32AA673FA00464B81 /* ProfileViewModel.swift */ = {isa = PBXFileReference; lastKnownFileType = sourcecode.swift; name = ProfileViewModel.swift; path = ../../../ProfileViewModel.swift; sourceTree = "<group>"; };
		6D1971F52AA6740B00464B81 /* CreateEntryViewModel.swift */ = {isa = PBXFileReference; lastKnownFileType = sourcecode.swift; name = CreateEntryViewModel.swift; path = ../../../CreateEntryViewModel.swift; sourceTree = "<group>"; };
		6D1971F72AA6741900464B81 /* JournalViewModel.swift */ = {isa = PBXFileReference; lastKnownFileType = sourcecode.swift; name = JournalViewModel.swift; path = ../../../JournalViewModel.swift; sourceTree = "<group>"; };
		6D1971F92AA6742400464B81 /* HomeViewModel.swift */ = {isa = PBXFileReference; lastKnownFileType = sourcecode.swift; name = HomeViewModel.swift; path = ../../../HomeViewModel.swift; sourceTree = "<group>"; };
		6D1971FB2AA6743800464B81 /* mainHeaderModel.swift */ = {isa = PBXFileReference; lastKnownFileType = sourcecode.swift; name = mainHeaderModel.swift; path = ../../../mainHeaderModel.swift; sourceTree = "<group>"; };
		6D1971FD2AA6744500464B81 /* ExploreViewModel.swift */ = {isa = PBXFileReference; lastKnownFileType = sourcecode.swift; name = ExploreViewModel.swift; path = ../../../ExploreViewModel.swift; sourceTree = "<group>"; };
		6D1971FF2AA6745200464B81 /* MatchLogViewModel.swift */ = {isa = PBXFileReference; lastKnownFileType = sourcecode.swift; name = MatchLogViewModel.swift; path = ../../../MatchLogViewModel.swift; sourceTree = "<group>"; };
		6D1972012AA6745F00464B81 /* LoadingView.swift */ = {isa = PBXFileReference; lastKnownFileType = sourcecode.swift; name = LoadingView.swift; path = ../../../LoadingView.swift; sourceTree = "<group>"; };
		6D1972032AA6747200464B81 /* LoginView.swift */ = {isa = PBXFileReference; lastKnownFileType = sourcecode.swift; name = LoginView.swift; path = ../../../LoginView.swift; sourceTree = "<group>"; };
		6D1972052AA6748800464B81 /* SignUpView.swift */ = {isa = PBXFileReference; lastKnownFileType = sourcecode.swift; name = SignUpView.swift; path = ../../../SignUpView.swift; sourceTree = "<group>"; };
		6D1972072AA6749800464B81 /* HomeView.swift */ = {isa = PBXFileReference; lastKnownFileType = sourcecode.swift; name = HomeView.swift; path = ../../../HomeView.swift; sourceTree = "<group>"; };
		6D1972092AA674A900464B81 /* MatchLogEntryView.swift */ = {isa = PBXFileReference; lastKnownFileType = sourcecode.swift; name = MatchLogEntryView.swift; path = ../../../MatchLogEntryView.swift; sourceTree = "<group>"; };
		6D19720B2AA674BD00464B81 /* JournalView.swift */ = {isa = PBXFileReference; lastKnownFileType = sourcecode.swift; name = JournalView.swift; path = ../../../JournalView.swift; sourceTree = "<group>"; };
		6D19720D2AA674DA00464B81 /* HealthView.swift */ = {isa = PBXFileReference; lastKnownFileType = sourcecode.swift; name = HealthView.swift; path = ../../../HealthView.swift; sourceTree = "<group>"; };
		6D19720F2AA674E900464B81 /* CreateEntryView.swift */ = {isa = PBXFileReference; lastKnownFileType = sourcecode.swift; name = CreateEntryView.swift; path = ../../../CreateEntryView.swift; sourceTree = "<group>"; };
		6D1972112AA6750400464B81 /* JournalEntryView.swift */ = {isa = PBXFileReference; lastKnownFileType = sourcecode.swift; name = JournalEntryView.swift; path = ../../../JournalEntryView.swift; sourceTree = "<group>"; };
		6D1972132AA6751200464B81 /* ProfileView.swift */ = {isa = PBXFileReference; lastKnownFileType = sourcecode.swift; name = ProfileView.swift; path = ../../../ProfileView.swift; sourceTree = "<group>"; };
		6D1972152AA6752100464B81 /* ChatView.swift */ = {isa = PBXFileReference; lastKnownFileType = sourcecode.swift; name = ChatView.swift; path = ../../../ChatView.swift; sourceTree = "<group>"; };
		6D1972172AA6752D00464B81 /* ExploreView.swift */ = {isa = PBXFileReference; lastKnownFileType = sourcecode.swift; name = ExploreView.swift; path = ../../../ExploreView.swift; sourceTree = "<group>"; };
		6D1972192AA6754200464B81 /* BreathingSessionView.swift */ = {isa = PBXFileReference; lastKnownFileType = sourcecode.swift; name = BreathingSessionView.swift; path = ../../../BreathingSessionView.swift; sourceTree = "<group>"; };
		6D19721B2AA6756300464B81 /* ContentView.swift */ = {isa = PBXFileReference; lastKnownFileType = sourcecode.swift; name = ContentView.swift; path = ../../../ContentView.swift; sourceTree = "<group>"; };
		6D1972342AA676F500464B81 /* GoogleService-Info.plist */ = {isa = PBXFileReference; fileEncoding = 4; lastKnownFileType = text.plist.xml; path = "GoogleService-Info.plist"; sourceTree = "<group>"; };
		6D1972362AA6775200464B81 /* Assets.xcassets */ = {isa = PBXFileReference; lastKnownFileType = folder.assetcatalog; name = Assets.xcassets; path = ../../../Assets.xcassets; sourceTree = "<group>"; };
		6DBD44452A65BAE900AB9A90 /* Deuce.app */ = {isa = PBXFileReference; explicitFileType = wrapper.application; includeInIndex = 0; path = Deuce.app; sourceTree = BUILT_PRODUCTS_DIR; };
		6DBD444F2A65BAEA00AB9A90 /* Preview Assets.xcassets */ = {isa = PBXFileReference; lastKnownFileType = folder.assetcatalog; path = "Preview Assets.xcassets"; sourceTree = "<group>"; };
		6DBD44512A65BAEA00AB9A90 /* Persistence.swift */ = {isa = PBXFileReference; lastKnownFileType = sourcecode.swift; path = Persistence.swift; sourceTree = "<group>"; };
		6DBD44542A65BAEA00AB9A90 /* Deuce.xcdatamodel */ = {isa = PBXFileReference; lastKnownFileType = wrapper.xcdatamodel; path = Deuce.xcdatamodel; sourceTree = "<group>"; };
		6DBD44562A65BAEA00AB9A90 /* Info.plist */ = {isa = PBXFileReference; lastKnownFileType = text.plist.xml; path = Info.plist; sourceTree = "<group>"; };
		6DBD445B2A65BAEA00AB9A90 /* DeuceTests.xctest */ = {isa = PBXFileReference; explicitFileType = wrapper.cfbundle; includeInIndex = 0; path = DeuceTests.xctest; sourceTree = BUILT_PRODUCTS_DIR; };
		6DBD445F2A65BAEA00AB9A90 /* DeuceTests.swift */ = {isa = PBXFileReference; lastKnownFileType = sourcecode.swift; path = DeuceTests.swift; sourceTree = "<group>"; };
		6DBD44652A65BAEA00AB9A90 /* DeuceUITests.xctest */ = {isa = PBXFileReference; explicitFileType = wrapper.cfbundle; includeInIndex = 0; path = DeuceUITests.xctest; sourceTree = BUILT_PRODUCTS_DIR; };
		6DBD44692A65BAEA00AB9A90 /* DeuceUITests.swift */ = {isa = PBXFileReference; lastKnownFileType = sourcecode.swift; path = DeuceUITests.swift; sourceTree = "<group>"; };
		6DBD446B2A65BAEA00AB9A90 /* DeuceUITestsLaunchTests.swift */ = {isa = PBXFileReference; lastKnownFileType = sourcecode.swift; path = DeuceUITestsLaunchTests.swift; sourceTree = "<group>"; };
/* End PBXFileReference section */

/* Begin PBXFrameworksBuildPhase section */
		6DBD44422A65BAE900AB9A90 /* Frameworks */ = {
			isa = PBXFrameworksBuildPhase;
			buildActionMask = 2147483647;
			files = (
				6D19722B2AA6767D00464B81 /* FirebaseDatabaseSwift in Frameworks */,
				6D1972232AA6767D00464B81 /* FirebaseAnalytics in Frameworks */,
				6D1972272AA6767D00464B81 /* FirebaseAuthCombine-Community in Frameworks */,
				6D1972332AA6767D00464B81 /* FirebaseFunctions in Frameworks */,
				6D1972292AA6767D00464B81 /* FirebaseDatabase in Frameworks */,
				6D1972252AA6767D00464B81 /* FirebaseAuth in Frameworks */,
				6D19722D2AA6767D00464B81 /* FirebaseFirestore in Frameworks */,
				6D19722F2AA6767D00464B81 /* FirebaseFirestoreCombine-Community in Frameworks */,
				6D1972312AA6767D00464B81 /* FirebaseFirestoreSwift in Frameworks */,
			);
			runOnlyForDeploymentPostprocessing = 0;
		};
		6DBD44582A65BAEA00AB9A90 /* Frameworks */ = {
			isa = PBXFrameworksBuildPhase;
			buildActionMask = 2147483647;
			files = (
			);
			runOnlyForDeploymentPostprocessing = 0;
		};
		6DBD44622A65BAEA00AB9A90 /* Frameworks */ = {
			isa = PBXFrameworksBuildPhase;
			buildActionMask = 2147483647;
			files = (
			);
			runOnlyForDeploymentPostprocessing = 0;
		};
/* End PBXFrameworksBuildPhase section */

/* Begin PBXGroup section */
		6D1971E12AA6731800464B81 /* Models */ = {
			isa = PBXGroup;
			children = (
				6D1971E22AA6732600464B81 /* User.swif.swift */,
			);
			path = Models;
			sourceTree = "<group>";
		};
		6D1971E42AA6733B00464B81 /* Views */ = {
			isa = PBXGroup;
			children = (
				6D1972012AA6745F00464B81 /* LoadingView.swift */,
				6D1972032AA6747200464B81 /* LoginView.swift */,
				6D1972052AA6748800464B81 /* SignUpView.swift */,
				6D1972172AA6752D00464B81 /* ExploreView.swift */,
				6D1972192AA6754200464B81 /* BreathingSessionView.swift */,
				6D1972152AA6752100464B81 /* ChatView.swift */,
				6D1972132AA6751200464B81 /* ProfileView.swift */,
				6D19720F2AA674E900464B81 /* CreateEntryView.swift */,
				6D1972112AA6750400464B81 /* JournalEntryView.swift */,
				6D19720D2AA674DA00464B81 /* HealthView.swift */,
				6D19720B2AA674BD00464B81 /* JournalView.swift */,
				6D1972092AA674A900464B81 /* MatchLogEntryView.swift */,
				6D1972072AA6749800464B81 /* HomeView.swift */,
			);
			path = Views;
			sourceTree = "<group>";
		};
		6D1971E52AA6734100464B81 /* ViewModels */ = {
			isa = PBXGroup;
			children = (
				6D1971ED2AA673C000464B81 /* LoginViewModel.swift */,
				6D1971EF2AA673D900464B81 /* SignUpViewModel.swift */,
				6D1971F12AA673E900464B81 /* ContentViewModel.swift */,
				6D1971F52AA6740B00464B81 /* CreateEntryViewModel.swift */,
				6D1971F32AA673FA00464B81 /* ProfileViewModel.swift */,
				6D1971F72AA6741900464B81 /* JournalViewModel.swift */,
				6D1971F92AA6742400464B81 /* HomeViewModel.swift */,
				6D1971FF2AA6745200464B81 /* MatchLogViewModel.swift */,
				6D1971FB2AA6743800464B81 /* mainHeaderModel.swift */,
				6D1971FD2AA6744500464B81 /* ExploreViewModel.swift */,
			);
			path = ViewModels;
			sourceTree = "<group>";
		};
		6D1971E62AA6735900464B81 /* Components */ = {
			isa = PBXGroup;
			children = (
				6D1971E72AA6737A00464B81 /* mainHeader.swift */,
				6D1971E92AA6739200464B81 /* horizontalWeek.swift */,
				6D1971EB2AA673A400464B81 /* ImagePicker.swift */,
			);
			path = Components;
			sourceTree = "<group>";
		};
		6DBD443C2A65BAE900AB9A90 = {
			isa = PBXGroup;
			children = (
				6D1972342AA676F500464B81 /* GoogleService-Info.plist */,
				6D1971E12AA6731800464B81 /* Models */,
				6D1971DB2AA6728300464B81 /* DeuceApp.swift */,
				6D1971E62AA6735900464B81 /* Components */,
				6DBD44472A65BAE900AB9A90 /* Deuce */,
				6D1971E42AA6733B00464B81 /* Views */,
				6D1971E52AA6734100464B81 /* ViewModels */,
				6DBD445E2A65BAEA00AB9A90 /* DeuceTests */,
				6DBD44682A65BAEA00AB9A90 /* DeuceUITests */,
				6DBD44462A65BAE900AB9A90 /* Products */,
			);
			sourceTree = "<group>";
		};
		6DBD44462A65BAE900AB9A90 /* Products */ = {
			isa = PBXGroup;
			children = (
				6DBD44452A65BAE900AB9A90 /* Deuce.app */,
				6DBD445B2A65BAEA00AB9A90 /* DeuceTests.xctest */,
				6DBD44652A65BAEA00AB9A90 /* DeuceUITests.xctest */,
			);
			name = Products;
			sourceTree = "<group>";
		};
		6DBD44472A65BAE900AB9A90 /* Deuce */ = {
			isa = PBXGroup;
			children = (
				6D1971DD2AA6728600464B81 /* DeuceApp.swift */,
				6D1971DF2AA672FA00464B81 /* Extensions.swift */,
				6DBD44512A65BAEA00AB9A90 /* Persistence.swift */,
				6D1972362AA6775200464B81 /* Assets.xcassets */,
				6DBD44562A65BAEA00AB9A90 /* Info.plist */,
				6DBD44532A65BAEA00AB9A90 /* Deuce.xcdatamodeld */,
				6DBD444E2A65BAEA00AB9A90 /* Preview Content */,
				6D19721B2AA6756300464B81 /* ContentView.swift */,
			);
			path = Deuce;
			sourceTree = "<group>";
		};
		6DBD444E2A65BAEA00AB9A90 /* Preview Content */ = {
			isa = PBXGroup;
			children = (
				6DBD444F2A65BAEA00AB9A90 /* Preview Assets.xcassets */,
			);
			path = "Preview Content";
			sourceTree = "<group>";
		};
		6DBD445E2A65BAEA00AB9A90 /* DeuceTests */ = {
			isa = PBXGroup;
			children = (
				6DBD445F2A65BAEA00AB9A90 /* DeuceTests.swift */,
			);
			path = DeuceTests;
			sourceTree = "<group>";
		};
		6DBD44682A65BAEA00AB9A90 /* DeuceUITests */ = {
			isa = PBXGroup;
			children = (
				6DBD44692A65BAEA00AB9A90 /* DeuceUITests.swift */,
				6DBD446B2A65BAEA00AB9A90 /* DeuceUITestsLaunchTests.swift */,
			);
			path = DeuceUITests;
			sourceTree = "<group>";
		};
/* End PBXGroup section */

/* Begin PBXNativeTarget section */
		6DBD44442A65BAE900AB9A90 /* Deuce */ = {
			isa = PBXNativeTarget;
			buildConfigurationList = 6DBD446F2A65BAEA00AB9A90 /* Build configuration list for PBXNativeTarget "Deuce" */;
			buildPhases = (
				6DBD44412A65BAE900AB9A90 /* Sources */,
				6DBD44422A65BAE900AB9A90 /* Frameworks */,
				6DBD44432A65BAE900AB9A90 /* Resources */,
			);
			buildRules = (
			);
			dependencies = (
			);
			name = Deuce;
			packageProductDependencies = (
				6D1972222AA6767D00464B81 /* FirebaseAnalytics */,
				6D1972242AA6767D00464B81 /* FirebaseAuth */,
				6D1972262AA6767D00464B81 /* FirebaseAuthCombine-Community */,
				6D1972282AA6767D00464B81 /* FirebaseDatabase */,
				6D19722A2AA6767D00464B81 /* FirebaseDatabaseSwift */,
				6D19722C2AA6767D00464B81 /* FirebaseFirestore */,
				6D19722E2AA6767D00464B81 /* FirebaseFirestoreCombine-Community */,
				6D1972302AA6767D00464B81 /* FirebaseFirestoreSwift */,
				6D1972322AA6767D00464B81 /* FirebaseFunctions */,
			);
			productName = Deuce;
			productReference = 6DBD44452A65BAE900AB9A90 /* Deuce.app */;
			productType = "com.apple.product-type.application";
		};
		6DBD445A2A65BAEA00AB9A90 /* DeuceTests */ = {
			isa = PBXNativeTarget;
			buildConfigurationList = 6DBD44722A65BAEA00AB9A90 /* Build configuration list for PBXNativeTarget "DeuceTests" */;
			buildPhases = (
				6DBD44572A65BAEA00AB9A90 /* Sources */,
				6DBD44582A65BAEA00AB9A90 /* Frameworks */,
				6DBD44592A65BAEA00AB9A90 /* Resources */,
			);
			buildRules = (
			);
			dependencies = (
				6DBD445D2A65BAEA00AB9A90 /* PBXTargetDependency */,
			);
			name = DeuceTests;
			productName = DeuceTests;
			productReference = 6DBD445B2A65BAEA00AB9A90 /* DeuceTests.xctest */;
			productType = "com.apple.product-type.bundle.unit-test";
		};
		6DBD44642A65BAEA00AB9A90 /* DeuceUITests */ = {
			isa = PBXNativeTarget;
			buildConfigurationList = 6DBD44752A65BAEA00AB9A90 /* Build configuration list for PBXNativeTarget "DeuceUITests" */;
			buildPhases = (
				6DBD44612A65BAEA00AB9A90 /* Sources */,
				6DBD44622A65BAEA00AB9A90 /* Frameworks */,
				6DBD44632A65BAEA00AB9A90 /* Resources */,
			);
			buildRules = (
			);
			dependencies = (
				6DBD44672A65BAEA00AB9A90 /* PBXTargetDependency */,
			);
			name = DeuceUITests;
			productName = DeuceUITests;
			productReference = 6DBD44652A65BAEA00AB9A90 /* DeuceUITests.xctest */;
			productType = "com.apple.product-type.bundle.ui-testing";
		};
/* End PBXNativeTarget section */

/* Begin PBXProject section */
		6DBD443D2A65BAE900AB9A90 /* Project object */ = {
			isa = PBXProject;
			attributes = {
				BuildIndependentTargetsInParallel = 1;
				LastSwiftUpdateCheck = 1430;
				LastUpgradeCheck = 1430;
				TargetAttributes = {
					6DBD44442A65BAE900AB9A90 = {
						CreatedOnToolsVersion = 14.3.1;
					};
					6DBD445A2A65BAEA00AB9A90 = {
						CreatedOnToolsVersion = 14.3.1;
						TestTargetID = 6DBD44442A65BAE900AB9A90;
					};
					6DBD44642A65BAEA00AB9A90 = {
						CreatedOnToolsVersion = 14.3.1;
						TestTargetID = 6DBD44442A65BAE900AB9A90;
					};
				};
			};
			buildConfigurationList = 6DBD44402A65BAE900AB9A90 /* Build configuration list for PBXProject "Deuce" */;
			compatibilityVersion = "Xcode 14.0";
			developmentRegion = en;
			hasScannedForEncodings = 0;
			knownRegions = (
				en,
				Base,
			);
			mainGroup = 6DBD443C2A65BAE900AB9A90;
			packageReferences = (
				6D1972212AA6767D00464B81 /* XCRemoteSwiftPackageReference "firebase-ios-sdk" */,
			);
			productRefGroup = 6DBD44462A65BAE900AB9A90 /* Products */;
			projectDirPath = "";
			projectRoot = "";
			targets = (
				6DBD44442A65BAE900AB9A90 /* Deuce */,
				6DBD445A2A65BAEA00AB9A90 /* DeuceTests */,
				6DBD44642A65BAEA00AB9A90 /* DeuceUITests */,
			);
		};
/* End PBXProject section */

/* Begin PBXResourcesBuildPhase section */
		6DBD44432A65BAE900AB9A90 /* Resources */ = {
			isa = PBXResourcesBuildPhase;
			buildActionMask = 2147483647;
			files = (
				6DBD44502A65BAEA00AB9A90 /* Preview Assets.xcassets in Resources */,
				6D1972372AA6775200464B81 /* Assets.xcassets in Resources */,
				6D1972352AA676F500464B81 /* GoogleService-Info.plist in Resources */,
			);
			runOnlyForDeploymentPostprocessing = 0;
		};
		6DBD44592A65BAEA00AB9A90 /* Resources */ = {
			isa = PBXResourcesBuildPhase;
			buildActionMask = 2147483647;
			files = (
			);
			runOnlyForDeploymentPostprocessing = 0;
		};
		6DBD44632A65BAEA00AB9A90 /* Resources */ = {
			isa = PBXResourcesBuildPhase;
			buildActionMask = 2147483647;
			files = (
			);
			runOnlyForDeploymentPostprocessing = 0;
		};
/* End PBXResourcesBuildPhase section */

/* Begin PBXSourcesBuildPhase section */
		6DBD44412A65BAE900AB9A90 /* Sources */ = {
			isa = PBXSourcesBuildPhase;
			buildActionMask = 2147483647;
			files = (
				6D1971FA2AA6742400464B81 /* HomeViewModel.swift in Sources */,
				6D1971E32AA6732600464B81 /* User.swif.swift in Sources */,
				6D1971F22AA673E900464B81 /* ContentViewModel.swift in Sources */,
				6D1971E82AA6737A00464B81 /* mainHeader.swift in Sources */,
				6D1971EE2AA673C000464B81 /* LoginViewModel.swift in Sources */,
				6D1972102AA674E900464B81 /* CreateEntryView.swift in Sources */,
				6D1972182AA6752D00464B81 /* ExploreView.swift in Sources */,
				6D1972062AA6748800464B81 /* SignUpView.swift in Sources */,
				6D1972022AA6745F00464B81 /* LoadingView.swift in Sources */,
				6D1971DC2AA6728300464B81 /* DeuceApp.swift in Sources */,
				6D1971E02AA672FA00464B81 /* Extensions.swift in Sources */,
				6D19721A2AA6754200464B81 /* BreathingSessionView.swift in Sources */,
				6D1972042AA6747200464B81 /* LoginView.swift in Sources */,
				6D1971F42AA673FA00464B81 /* ProfileViewModel.swift in Sources */,
				6DBD44552A65BAEA00AB9A90 /* Deuce.xcdatamodeld in Sources */,
				6D1971F82AA6741900464B81 /* JournalViewModel.swift in Sources */,
				6DBD44522A65BAEA00AB9A90 /* Persistence.swift in Sources */,
				6D1972122AA6750400464B81 /* JournalEntryView.swift in Sources */,
				6D19720E2AA674DA00464B81 /* HealthView.swift in Sources */,
				6D1971EC2AA673A400464B81 /* ImagePicker.swift in Sources */,
				6D1971F62AA6740B00464B81 /* CreateEntryViewModel.swift in Sources */,
				6D1972162AA6752100464B81 /* ChatView.swift in Sources */,
				6D1971EA2AA6739200464B81 /* horizontalWeek.swift in Sources */,
				6D19721C2AA6756300464B81 /* ContentView.swift in Sources */,
				6D1971F02AA673D900464B81 /* SignUpViewModel.swift in Sources */,
				6D1972142AA6751200464B81 /* ProfileView.swift in Sources */,
				6D1971DE2AA6728600464B81 /* DeuceApp.swift in Sources */,
				6D19720C2AA674BD00464B81 /* JournalView.swift in Sources */,
				6D19720A2AA674A900464B81 /* MatchLogEntryView.swift in Sources */,
				6D1972002AA6745200464B81 /* MatchLogViewModel.swift in Sources */,
				6D1972082AA6749800464B81 /* HomeView.swift in Sources */,
				6D1971FE2AA6744500464B81 /* ExploreViewModel.swift in Sources */,
				6D1971FC2AA6743800464B81 /* mainHeaderModel.swift in Sources */,
			);
			runOnlyForDeploymentPostprocessing = 0;
		};
		6DBD44572A65BAEA00AB9A90 /* Sources */ = {
			isa = PBXSourcesBuildPhase;
			buildActionMask = 2147483647;
			files = (
				6DBD44602A65BAEA00AB9A90 /* DeuceTests.swift in Sources */,
			);
			runOnlyForDeploymentPostprocessing = 0;
		};
		6DBD44612A65BAEA00AB9A90 /* Sources */ = {
			isa = PBXSourcesBuildPhase;
			buildActionMask = 2147483647;
			files = (
				6DBD446A2A65BAEA00AB9A90 /* DeuceUITests.swift in Sources */,
				6DBD446C2A65BAEA00AB9A90 /* DeuceUITestsLaunchTests.swift in Sources */,
			);
			runOnlyForDeploymentPostprocessing = 0;
		};
/* End PBXSourcesBuildPhase section */

/* Begin PBXTargetDependency section */
		6DBD445D2A65BAEA00AB9A90 /* PBXTargetDependency */ = {
			isa = PBXTargetDependency;
			target = 6DBD44442A65BAE900AB9A90 /* Deuce */;
			targetProxy = 6DBD445C2A65BAEA00AB9A90 /* PBXContainerItemProxy */;
		};
		6DBD44672A65BAEA00AB9A90 /* PBXTargetDependency */ = {
			isa = PBXTargetDependency;
			target = 6DBD44442A65BAE900AB9A90 /* Deuce */;
			targetProxy = 6DBD44662A65BAEA00AB9A90 /* PBXContainerItemProxy */;
		};
/* End PBXTargetDependency section */

/* Begin XCBuildConfiguration section */
		6DBD446D2A65BAEA00AB9A90 /* Debug */ = {
			isa = XCBuildConfiguration;
			buildSettings = {
				ALWAYS_SEARCH_USER_PATHS = NO;
				CLANG_ANALYZER_NONNULL = YES;
				CLANG_ANALYZER_NUMBER_OBJECT_CONVERSION = YES_AGGRESSIVE;
				CLANG_CXX_LANGUAGE_STANDARD = "gnu++20";
				CLANG_ENABLE_MODULES = YES;
				CLANG_ENABLE_OBJC_ARC = YES;
				CLANG_ENABLE_OBJC_WEAK = YES;
				CLANG_WARN_BLOCK_CAPTURE_AUTORELEASING = YES;
				CLANG_WARN_BOOL_CONVERSION = YES;
				CLANG_WARN_COMMA = YES;
				CLANG_WARN_CONSTANT_CONVERSION = YES;
				CLANG_WARN_DEPRECATED_OBJC_IMPLEMENTATIONS = YES;
				CLANG_WARN_DIRECT_OBJC_ISA_USAGE = YES_ERROR;
				CLANG_WARN_DOCUMENTATION_COMMENTS = YES;
				CLANG_WARN_EMPTY_BODY = YES;
				CLANG_WARN_ENUM_CONVERSION = YES;
				CLANG_WARN_INFINITE_RECURSION = YES;
				CLANG_WARN_INT_CONVERSION = YES;
				CLANG_WARN_NON_LITERAL_NULL_CONVERSION = YES;
				CLANG_WARN_OBJC_IMPLICIT_RETAIN_SELF = YES;
				CLANG_WARN_OBJC_LITERAL_CONVERSION = YES;
				CLANG_WARN_OBJC_ROOT_CLASS = YES_ERROR;
				CLANG_WARN_QUOTED_INCLUDE_IN_FRAMEWORK_HEADER = YES;
				CLANG_WARN_RANGE_LOOP_ANALYSIS = YES;
				CLANG_WARN_STRICT_PROTOTYPES = YES;
				CLANG_WARN_SUSPICIOUS_MOVE = YES;
				CLANG_WARN_UNGUARDED_AVAILABILITY = YES_AGGRESSIVE;
				CLANG_WARN_UNREACHABLE_CODE = YES;
				CLANG_WARN__DUPLICATE_METHOD_MATCH = YES;
				COPY_PHASE_STRIP = NO;
				DEBUG_INFORMATION_FORMAT = dwarf;
				ENABLE_STRICT_OBJC_MSGSEND = YES;
				ENABLE_TESTABILITY = YES;
				GCC_C_LANGUAGE_STANDARD = gnu11;
				GCC_DYNAMIC_NO_PIC = NO;
				GCC_NO_COMMON_BLOCKS = YES;
				GCC_OPTIMIZATION_LEVEL = 0;
				GCC_PREPROCESSOR_DEFINITIONS = (
					"DEBUG=1",
					"$(inherited)",
				);
				GCC_WARN_64_TO_32_BIT_CONVERSION = YES;
				GCC_WARN_ABOUT_RETURN_TYPE = YES_ERROR;
				GCC_WARN_UNDECLARED_SELECTOR = YES;
				GCC_WARN_UNINITIALIZED_AUTOS = YES_AGGRESSIVE;
				GCC_WARN_UNUSED_FUNCTION = YES;
				GCC_WARN_UNUSED_VARIABLE = YES;
				IPHONEOS_DEPLOYMENT_TARGET = 16.4;
				MTL_ENABLE_DEBUG_INFO = INCLUDE_SOURCE;
				MTL_FAST_MATH = YES;
				ONLY_ACTIVE_ARCH = YES;
				SDKROOT = iphoneos;
				SWIFT_ACTIVE_COMPILATION_CONDITIONS = DEBUG;
				SWIFT_OPTIMIZATION_LEVEL = "-Onone";
			};
			name = Debug;
		};
		6DBD446E2A65BAEA00AB9A90 /* Release */ = {
			isa = XCBuildConfiguration;
			buildSettings = {
				ALWAYS_SEARCH_USER_PATHS = NO;
				CLANG_ANALYZER_NONNULL = YES;
				CLANG_ANALYZER_NUMBER_OBJECT_CONVERSION = YES_AGGRESSIVE;
				CLANG_CXX_LANGUAGE_STANDARD = "gnu++20";
				CLANG_ENABLE_MODULES = YES;
				CLANG_ENABLE_OBJC_ARC = YES;
				CLANG_ENABLE_OBJC_WEAK = YES;
				CLANG_WARN_BLOCK_CAPTURE_AUTORELEASING = YES;
				CLANG_WARN_BOOL_CONVERSION = YES;
				CLANG_WARN_COMMA = YES;
				CLANG_WARN_CONSTANT_CONVERSION = YES;
				CLANG_WARN_DEPRECATED_OBJC_IMPLEMENTATIONS = YES;
				CLANG_WARN_DIRECT_OBJC_ISA_USAGE = YES_ERROR;
				CLANG_WARN_DOCUMENTATION_COMMENTS = YES;
				CLANG_WARN_EMPTY_BODY = YES;
				CLANG_WARN_ENUM_CONVERSION = YES;
				CLANG_WARN_INFINITE_RECURSION = YES;
				CLANG_WARN_INT_CONVERSION = YES;
				CLANG_WARN_NON_LITERAL_NULL_CONVERSION = YES;
				CLANG_WARN_OBJC_IMPLICIT_RETAIN_SELF = YES;
				CLANG_WARN_OBJC_LITERAL_CONVERSION = YES;
				CLANG_WARN_OBJC_ROOT_CLASS = YES_ERROR;
				CLANG_WARN_QUOTED_INCLUDE_IN_FRAMEWORK_HEADER = YES;
				CLANG_WARN_RANGE_LOOP_ANALYSIS = YES;
				CLANG_WARN_STRICT_PROTOTYPES = YES;
				CLANG_WARN_SUSPICIOUS_MOVE = YES;
				CLANG_WARN_UNGUARDED_AVAILABILITY = YES_AGGRESSIVE;
				CLANG_WARN_UNREACHABLE_CODE = YES;
				CLANG_WARN__DUPLICATE_METHOD_MATCH = YES;
				COPY_PHASE_STRIP = NO;
				DEBUG_INFORMATION_FORMAT = "dwarf-with-dsym";
				ENABLE_NS_ASSERTIONS = NO;
				ENABLE_STRICT_OBJC_MSGSEND = YES;
				GCC_C_LANGUAGE_STANDARD = gnu11;
				GCC_NO_COMMON_BLOCKS = YES;
				GCC_WARN_64_TO_32_BIT_CONVERSION = YES;
				GCC_WARN_ABOUT_RETURN_TYPE = YES_ERROR;
				GCC_WARN_UNDECLARED_SELECTOR = YES;
				GCC_WARN_UNINITIALIZED_AUTOS = YES_AGGRESSIVE;
				GCC_WARN_UNUSED_FUNCTION = YES;
				GCC_WARN_UNUSED_VARIABLE = YES;
				IPHONEOS_DEPLOYMENT_TARGET = 16.4;
				MTL_ENABLE_DEBUG_INFO = NO;
				MTL_FAST_MATH = YES;
				SDKROOT = iphoneos;
				SWIFT_COMPILATION_MODE = wholemodule;
				SWIFT_OPTIMIZATION_LEVEL = "-O";
				VALIDATE_PRODUCT = YES;
			};
			name = Release;
		};
		6DBD44702A65BAEA00AB9A90 /* Debug */ = {
			isa = XCBuildConfiguration;
			buildSettings = {
				ASSETCATALOG_COMPILER_APPICON_NAME = AppIcon;
				ASSETCATALOG_COMPILER_GLOBAL_ACCENT_COLOR_NAME = AccentColor;
				CODE_SIGN_STYLE = Automatic;
				CURRENT_PROJECT_VERSION = 1;
				DEVELOPMENT_ASSET_PATHS = "\"Deuce/Preview Content\"";
				ENABLE_PREVIEWS = YES;
				GENERATE_INFOPLIST_FILE = YES;
				INFOPLIST_KEY_UIApplicationSceneManifest_Generation = YES;
				INFOPLIST_KEY_UIApplicationSupportsIndirectInputEvents = YES;
				INFOPLIST_KEY_UILaunchScreen_Generation = YES;
				INFOPLIST_KEY_UISupportedInterfaceOrientations_iPad = "UIInterfaceOrientationPortrait UIInterfaceOrientationPortraitUpsideDown UIInterfaceOrientationLandscapeLeft UIInterfaceOrientationLandscapeRight";
				INFOPLIST_KEY_UISupportedInterfaceOrientations_iPhone = "UIInterfaceOrientationPortrait UIInterfaceOrientationLandscapeLeft UIInterfaceOrientationLandscapeRight";
				LD_RUNPATH_SEARCH_PATHS = (
					"$(inherited)",
					"@executable_path/Frameworks",
				);
				MARKETING_VERSION = 1.0;
				PRODUCT_BUNDLE_IDENTIFIER = co.thelifestudio.Deuce;
				PRODUCT_NAME = "$(TARGET_NAME)";
				SWIFT_EMIT_LOC_STRINGS = YES;
				SWIFT_VERSION = 5.0;
				TARGETED_DEVICE_FAMILY = "1,2";
			};
			name = Debug;
		};
		6DBD44712A65BAEA00AB9A90 /* Release */ = {
			isa = XCBuildConfiguration;
			buildSettings = {
				ASSETCATALOG_COMPILER_APPICON_NAME = AppIcon;
				ASSETCATALOG_COMPILER_GLOBAL_ACCENT_COLOR_NAME = AccentColor;
				CODE_SIGN_STYLE = Automatic;
				CURRENT_PROJECT_VERSION = 1;
				DEVELOPMENT_ASSET_PATHS = "\"Deuce/Preview Content\"";
				ENABLE_PREVIEWS = YES;
				GENERATE_INFOPLIST_FILE = YES;
				INFOPLIST_KEY_UIApplicationSceneManifest_Generation = YES;
				INFOPLIST_KEY_UIApplicationSupportsIndirectInputEvents = YES;
				INFOPLIST_KEY_UILaunchScreen_Generation = YES;
				INFOPLIST_KEY_UISupportedInterfaceOrientations_iPad = "UIInterfaceOrientationPortrait UIInterfaceOrientationPortraitUpsideDown UIInterfaceOrientationLandscapeLeft UIInterfaceOrientationLandscapeRight";
				INFOPLIST_KEY_UISupportedInterfaceOrientations_iPhone = "UIInterfaceOrientationPortrait UIInterfaceOrientationLandscapeLeft UIInterfaceOrientationLandscapeRight";
				LD_RUNPATH_SEARCH_PATHS = (
					"$(inherited)",
					"@executable_path/Frameworks",
				);
				MARKETING_VERSION = 1.0;
				PRODUCT_BUNDLE_IDENTIFIER = co.thelifestudio.Deuce;
				PRODUCT_NAME = "$(TARGET_NAME)";
				SWIFT_EMIT_LOC_STRINGS = YES;
				SWIFT_VERSION = 5.0;
				TARGETED_DEVICE_FAMILY = "1,2";
			};
			name = Release;
		};
		6DBD44732A65BAEA00AB9A90 /* Debug */ = {
			isa = XCBuildConfiguration;
			buildSettings = {
				ALWAYS_EMBED_SWIFT_STANDARD_LIBRARIES = YES;
				BUNDLE_LOADER = "$(TEST_HOST)";
				CODE_SIGN_STYLE = Automatic;
				CURRENT_PROJECT_VERSION = 1;
				GENERATE_INFOPLIST_FILE = YES;
				IPHONEOS_DEPLOYMENT_TARGET = 16.4;
				MARKETING_VERSION = 1.0;
				PRODUCT_BUNDLE_IDENTIFIER = co.thelifestudio.DeuceTests;
				PRODUCT_NAME = "$(TARGET_NAME)";
				SWIFT_EMIT_LOC_STRINGS = NO;
				SWIFT_VERSION = 5.0;
				TARGETED_DEVICE_FAMILY = "1,2";
				TEST_HOST = "$(BUILT_PRODUCTS_DIR)/Deuce.app/$(BUNDLE_EXECUTABLE_FOLDER_PATH)/Deuce";
			};
			name = Debug;
		};
		6DBD44742A65BAEA00AB9A90 /* Release */ = {
			isa = XCBuildConfiguration;
			buildSettings = {
				ALWAYS_EMBED_SWIFT_STANDARD_LIBRARIES = YES;
				BUNDLE_LOADER = "$(TEST_HOST)";
				CODE_SIGN_STYLE = Automatic;
				CURRENT_PROJECT_VERSION = 1;
				GENERATE_INFOPLIST_FILE = YES;
				IPHONEOS_DEPLOYMENT_TARGET = 16.4;
				MARKETING_VERSION = 1.0;
				PRODUCT_BUNDLE_IDENTIFIER = co.thelifestudio.DeuceTests;
				PRODUCT_NAME = "$(TARGET_NAME)";
				SWIFT_EMIT_LOC_STRINGS = NO;
				SWIFT_VERSION = 5.0;
				TARGETED_DEVICE_FAMILY = "1,2";
				TEST_HOST = "$(BUILT_PRODUCTS_DIR)/Deuce.app/$(BUNDLE_EXECUTABLE_FOLDER_PATH)/Deuce";
			};
			name = Release;
		};
		6DBD44762A65BAEA00AB9A90 /* Debug */ = {
			isa = XCBuildConfiguration;
			buildSettings = {
				ALWAYS_EMBED_SWIFT_STANDARD_LIBRARIES = YES;
				CODE_SIGN_STYLE = Automatic;
				CURRENT_PROJECT_VERSION = 1;
				GENERATE_INFOPLIST_FILE = YES;
				MARKETING_VERSION = 1.0;
				PRODUCT_BUNDLE_IDENTIFIER = co.thelifestudio.DeuceUITests;
				PRODUCT_NAME = "$(TARGET_NAME)";
				SWIFT_EMIT_LOC_STRINGS = NO;
				SWIFT_VERSION = 5.0;
				TARGETED_DEVICE_FAMILY = "1,2";
				TEST_TARGET_NAME = Deuce;
			};
			name = Debug;
		};
		6DBD44772A65BAEA00AB9A90 /* Release */ = {
			isa = XCBuildConfiguration;
			buildSettings = {
				ALWAYS_EMBED_SWIFT_STANDARD_LIBRARIES = YES;
				CODE_SIGN_STYLE = Automatic;
				CURRENT_PROJECT_VERSION = 1;
				GENERATE_INFOPLIST_FILE = YES;
				MARKETING_VERSION = 1.0;
				PRODUCT_BUNDLE_IDENTIFIER = co.thelifestudio.DeuceUITests;
				PRODUCT_NAME = "$(TARGET_NAME)";
				SWIFT_EMIT_LOC_STRINGS = NO;
				SWIFT_VERSION = 5.0;
				TARGETED_DEVICE_FAMILY = "1,2";
				TEST_TARGET_NAME = Deuce;
			};
			name = Release;
		};
/* End XCBuildConfiguration section */

/* Begin XCConfigurationList section */
		6DBD44402A65BAE900AB9A90 /* Build configuration list for PBXProject "Deuce" */ = {
			isa = XCConfigurationList;
			buildConfigurations = (
				6DBD446D2A65BAEA00AB9A90 /* Debug */,
				6DBD446E2A65BAEA00AB9A90 /* Release */,
			);
			defaultConfigurationIsVisible = 0;
			defaultConfigurationName = Release;
		};
		6DBD446F2A65BAEA00AB9A90 /* Build configuration list for PBXNativeTarget "Deuce" */ = {
			isa = XCConfigurationList;
			buildConfigurations = (
				6DBD44702A65BAEA00AB9A90 /* Debug */,
				6DBD44712A65BAEA00AB9A90 /* Release */,
			);
			defaultConfigurationIsVisible = 0;
			defaultConfigurationName = Release;
		};
		6DBD44722A65BAEA00AB9A90 /* Build configuration list for PBXNativeTarget "DeuceTests" */ = {
			isa = XCConfigurationList;
			buildConfigurations = (
				6DBD44732A65BAEA00AB9A90 /* Debug */,
				6DBD44742A65BAEA00AB9A90 /* Release */,
			);
			defaultConfigurationIsVisible = 0;
			defaultConfigurationName = Release;
		};
		6DBD44752A65BAEA00AB9A90 /* Build configuration list for PBXNativeTarget "DeuceUITests" */ = {
			isa = XCConfigurationList;
			buildConfigurations = (
				6DBD44762A65BAEA00AB9A90 /* Debug */,
				6DBD44772A65BAEA00AB9A90 /* Release */,
			);
			defaultConfigurationIsVisible = 0;
			defaultConfigurationName = Release;
		};
/* End XCConfigurationList section */

/* Begin XCRemoteSwiftPackageReference section */
		6D1972212AA6767D00464B81 /* XCRemoteSwiftPackageReference "firebase-ios-sdk" */ = {
			isa = XCRemoteSwiftPackageReference;
			repositoryURL = "https://github.com/firebase/firebase-ios-sdk";
			requirement = {
				kind = upToNextMajorVersion;
				minimumVersion = 10.14.0;
			};
		};
/* End XCRemoteSwiftPackageReference section */

/* Begin XCSwiftPackageProductDependency section */
		6D1972222AA6767D00464B81 /* FirebaseAnalytics */ = {
			isa = XCSwiftPackageProductDependency;
			package = 6D1972212AA6767D00464B81 /* XCRemoteSwiftPackageReference "firebase-ios-sdk" */;
			productName = FirebaseAnalytics;
		};
		6D1972242AA6767D00464B81 /* FirebaseAuth */ = {
			isa = XCSwiftPackageProductDependency;
			package = 6D1972212AA6767D00464B81 /* XCRemoteSwiftPackageReference "firebase-ios-sdk" */;
			productName = FirebaseAuth;
		};
		6D1972262AA6767D00464B81 /* FirebaseAuthCombine-Community */ = {
			isa = XCSwiftPackageProductDependency;
			package = 6D1972212AA6767D00464B81 /* XCRemoteSwiftPackageReference "firebase-ios-sdk" */;
			productName = "FirebaseAuthCombine-Community";
		};
		6D1972282AA6767D00464B81 /* FirebaseDatabase */ = {
			isa = XCSwiftPackageProductDependency;
			package = 6D1972212AA6767D00464B81 /* XCRemoteSwiftPackageReference "firebase-ios-sdk" */;
			productName = FirebaseDatabase;
		};
		6D19722A2AA6767D00464B81 /* FirebaseDatabaseSwift */ = {
			isa = XCSwiftPackageProductDependency;
			package = 6D1972212AA6767D00464B81 /* XCRemoteSwiftPackageReference "firebase-ios-sdk" */;
			productName = FirebaseDatabaseSwift;
		};
		6D19722C2AA6767D00464B81 /* FirebaseFirestore */ = {
			isa = XCSwiftPackageProductDependency;
			package = 6D1972212AA6767D00464B81 /* XCRemoteSwiftPackageReference "firebase-ios-sdk" */;
			productName = FirebaseFirestore;
		};
		6D19722E2AA6767D00464B81 /* FirebaseFirestoreCombine-Community */ = {
			isa = XCSwiftPackageProductDependency;
			package = 6D1972212AA6767D00464B81 /* XCRemoteSwiftPackageReference "firebase-ios-sdk" */;
			productName = "FirebaseFirestoreCombine-Community";
		};
		6D1972302AA6767D00464B81 /* FirebaseFirestoreSwift */ = {
			isa = XCSwiftPackageProductDependency;
			package = 6D1972212AA6767D00464B81 /* XCRemoteSwiftPackageReference "firebase-ios-sdk" */;
			productName = FirebaseFirestoreSwift;
		};
		6D1972322AA6767D00464B81 /* FirebaseFunctions */ = {
			isa = XCSwiftPackageProductDependency;
			package = 6D1972212AA6767D00464B81 /* XCRemoteSwiftPackageReference "firebase-ios-sdk" */;
			productName = FirebaseFunctions;
		};
/* End XCSwiftPackageProductDependency section */

/* Begin XCVersionGroup section */
		6DBD44532A65BAEA00AB9A90 /* Deuce.xcdatamodeld */ = {
			isa = XCVersionGroup;
			children = (
				6DBD44542A65BAEA00AB9A90 /* Deuce.xcdatamodel */,
			);
			currentVersion = 6DBD44542A65BAEA00AB9A90 /* Deuce.xcdatamodel */;
			path = Deuce.xcdatamodeld;
			sourceTree = "<group>";
			versionGroupType = wrapper.xcdatamodel;
		};
/* End XCVersionGroup section */
	};
	rootObject = 6DBD443D2A65BAE900AB9A90 /* Project object */;
}
